
Microsoft Visual Studio Solution File, Format Version 12.00
Project("{FAE04EC0-301F-11D3-BF4B-00C04F79EFBC}") = "DatabaseIdGenerator", "DatabaseIdGenerator\DatabaseIdGenerator.csproj", "{EF465ED8-1013-46B3-819B-165BD0347E32}"
EndProject
Project("{FAE04EC0-301F-11D3-BF4B-00C04F79EFBC}") = "DatabaseIdGenerator.Tests.Unit", "DatabaseIdGenerator.Tests.Unit\DatabaseIdGenerator.Tests.Unit.csproj", "{85F00B9F-F019-4CB1-803C-ABD95D433A44}"
EndProject
Global
	GlobalSection(SolutionConfigurationPlatforms) = preSolution
		Debug|Any CPU = Debug|Any CPU
		Release|Any CPU = Release|Any CPU
	EndGlobalSection
	GlobalSection(ProjectConfigurationPlatforms) = postSolution
		{EF465ED8-1013-46B3-819B-165BD0347E32}.Debug|Any CPU.ActiveCfg = Debug|Any CPU
		{EF465ED8-1013-46B3-819B-165BD0347E32}.Debug|Any CPU.Build.0 = Debug|Any CPU
		{EF465ED8-1013-46B3-819B-165BD0347E32}.Release|Any CPU.ActiveCfg = Release|Any CPU
		{EF465ED8-1013-46B3-819B-165BD0347E32}.Release|Any CPU.Build.0 = Release|Any CPU
		{85F00B9F-F019-4CB1-803C-ABD95D433A44}.Debug|Any CPU.ActiveCfg = Debug|Any CPU
		{85F00B9F-F019-4CB1-803C-ABD95D433A44}.Debug|Any CPU.Build.0 = Debug|Any CPU
		{85F00B9F-F019-4CB1-803C-ABD95D433A44}.Release|Any CPU.ActiveCfg = Release|Any CPU
		{85F00B9F-F019-4CB1-803C-ABD95D433A44}.Release|Any CPU.Build.0 = Release|Any CPU
	EndGlobalSection
EndGlobal
